
Microsoft Visual Studio Solution File, Format Version 12.00
# Visual Studio Version 16
VisualStudioVersion = 16.0.29709.97
MinimumVisualStudioVersion = 10.0.40219.1
Project("{9A19103F-16F7-4668-BE54-9A1E7A4F7556}") = "GitObjectDb", "GitObjectDb\GitObjectDb.csproj", "{5A22B9EF-1751-4B3D-835F-0624FA53CAC3}"
EndProject
Project("{9A19103F-16F7-4668-BE54-9A1E7A4F7556}") = "GitObjectDb.Tests", "GitObjectDb.Tests\GitObjectDb.Tests.csproj", "{D1D6EC57-E265-4B5E-A600-B262CFFAC63E}"
EndProject
Project("{2150E333-8FDC-42A3-9474-1A3956D46DE8}") = "Solution Items", "Solution Items", "{67988695-E80F-41D8-AD10-1E978CE1BA12}"
	ProjectSection(SolutionItems) = preProject
		.editorconfig = .editorconfig
		.gitattributes = .gitattributes
		.gitignore = .gitignore
		Directory.Build.targets = Directory.Build.targets
		Packages.props = Packages.props
		version.json = version.json
	EndProjectSection
EndProject
Global
	GlobalSection(SolutionConfigurationPlatforms) = preSolution
		Debug|Any CPU = Debug|Any CPU
		Release|Any CPU = Release|Any CPU
	EndGlobalSection
	GlobalSection(ProjectConfigurationPlatforms) = postSolution
		{5A22B9EF-1751-4B3D-835F-0624FA53CAC3}.Debug|Any CPU.ActiveCfg = Debug|Any CPU
		{5A22B9EF-1751-4B3D-835F-0624FA53CAC3}.Debug|Any CPU.Build.0 = Debug|Any CPU
		{5A22B9EF-1751-4B3D-835F-0624FA53CAC3}.Release|Any CPU.ActiveCfg = Release|Any CPU
		{5A22B9EF-1751-4B3D-835F-0624FA53CAC3}.Release|Any CPU.Build.0 = Release|Any CPU
		{D1D6EC57-E265-4B5E-A600-B262CFFAC63E}.Debug|Any CPU.ActiveCfg = Debug|Any CPU
		{D1D6EC57-E265-4B5E-A600-B262CFFAC63E}.Debug|Any CPU.Build.0 = Debug|Any CPU
		{D1D6EC57-E265-4B5E-A600-B262CFFAC63E}.Release|Any CPU.ActiveCfg = Release|Any CPU
		{D1D6EC57-E265-4B5E-A600-B262CFFAC63E}.Release|Any CPU.Build.0 = Release|Any CPU
	EndGlobalSection
	GlobalSection(SolutionProperties) = preSolution
		HideSolutionNode = FALSE
	EndGlobalSection
	GlobalSection(ExtensibilityGlobals) = postSolution
		SolutionGuid = {909F3182-5E05-4EE3-8A7E-65188A32A31E}
	EndGlobalSection
EndGlobal
