
Microsoft Visual Studio Solution File, Format Version 12.00
# Visual Studio 15
VisualStudioVersion = 15.0.27703.2026
MinimumVisualStudioVersion = 10.0.40219.1
Project("{9A19103F-16F7-4668-BE54-9A1E7A4F7556}") = "GitObjectDb", "GitObjectDb\GitObjectDb.csproj", "{3BA1C82D-E8A9-4BE6-89AE-6872258617BC}"
EndProject
Project("{9A19103F-16F7-4668-BE54-9A1E7A4F7556}") = "GitObjectDb.Tests", "GitObjectDb.Tests\GitObjectDb.Tests.csproj", "{C54A3A42-3F29-4086-B09E-50513D49983C}"
EndProject
Project("{9A19103F-16F7-4668-BE54-9A1E7A4F7556}") = "GitObjectDb.Autofac", "GitObjectDb.Autofac\GitObjectDb.Autofac.csproj", "{2E4C30B4-7ED1-4A15-9BE1-8B23545B9220}"
EndProject
Project("{2150E333-8FDC-42A3-9474-1A3956D46DE8}") = "Solution Items", "Solution Items", "{BED345FF-9F06-43A5-A10A-B31F42CA5FCA}"
	ProjectSection(SolutionItems) = preProject
		.editorconfig = .editorconfig
		.gitignore = .gitignore
		appveyor.yml = appveyor.yml
		LICENSE = LICENSE
		README.md = README.md
		Rules.ruleset = Rules.ruleset
		Settings.StyleCop = Settings.StyleCop
	EndProjectSection
EndProject
Global
	GlobalSection(SolutionConfigurationPlatforms) = preSolution
		Debug|Any CPU = Debug|Any CPU
		Release|Any CPU = Release|Any CPU
	EndGlobalSection
	GlobalSection(ProjectConfigurationPlatforms) = postSolution
		{3BA1C82D-E8A9-4BE6-89AE-6872258617BC}.Debug|Any CPU.ActiveCfg = Debug|Any CPU
		{3BA1C82D-E8A9-4BE6-89AE-6872258617BC}.Debug|Any CPU.Build.0 = Debug|Any CPU
		{3BA1C82D-E8A9-4BE6-89AE-6872258617BC}.Release|Any CPU.ActiveCfg = Release|Any CPU
		{3BA1C82D-E8A9-4BE6-89AE-6872258617BC}.Release|Any CPU.Build.0 = Release|Any CPU
		{C54A3A42-3F29-4086-B09E-50513D49983C}.Debug|Any CPU.ActiveCfg = Debug|Any CPU
		{C54A3A42-3F29-4086-B09E-50513D49983C}.Debug|Any CPU.Build.0 = Debug|Any CPU
		{C54A3A42-3F29-4086-B09E-50513D49983C}.Release|Any CPU.ActiveCfg = Release|Any CPU
		{C54A3A42-3F29-4086-B09E-50513D49983C}.Release|Any CPU.Build.0 = Release|Any CPU
		{2E4C30B4-7ED1-4A15-9BE1-8B23545B9220}.Debug|Any CPU.ActiveCfg = Debug|Any CPU
		{2E4C30B4-7ED1-4A15-9BE1-8B23545B9220}.Debug|Any CPU.Build.0 = Debug|Any CPU
		{2E4C30B4-7ED1-4A15-9BE1-8B23545B9220}.Release|Any CPU.ActiveCfg = Release|Any CPU
		{2E4C30B4-7ED1-4A15-9BE1-8B23545B9220}.Release|Any CPU.Build.0 = Release|Any CPU
	EndGlobalSection
	GlobalSection(SolutionProperties) = preSolution
		HideSolutionNode = FALSE
	EndGlobalSection
	GlobalSection(ExtensibilityGlobals) = postSolution
		SolutionGuid = {BEBF5E9D-6842-4E8E-BA74-F33D16ECA5D9}
	EndGlobalSection
EndGlobal
