
Microsoft Visual Studio Solution File, Format Version 12.00
# Visual Studio 15
VisualStudioVersion = 15.0.27703.2026
MinimumVisualStudioVersion = 10.0.40219.1
Project("{2150E333-8FDC-42A3-9474-1A3956D46DE8}") = "Solution Items", "Solution Items", "{BED345FF-9F06-43A5-A10A-B31F42CA5FCA}"
	ProjectSection(SolutionItems) = preProject
		.editorconfig = .editorconfig
		.gitattributes = .gitattributes
		.gitignore = .gitignore
		appveyor.yml = appveyor.yml
		global.json = global.json
		LICENSE = LICENSE
		README.md = README.md
		Rules.ruleset = Rules.ruleset
		Settings.StyleCop = Settings.StyleCop
		stylecop.json = stylecop.json
	EndProjectSection
EndProject
Project("{2150E333-8FDC-42A3-9474-1A3956D46DE8}") = "src", "src", "{FE2F09D4-3FB4-48F8-A6F0-659ABE58D735}"
	ProjectSection(SolutionItems) = preProject
		src\Directory.Build.props = src\Directory.Build.props
	EndProjectSection
EndProject
Project("{9A19103F-16F7-4668-BE54-9A1E7A4F7556}") = "GitObjectDb", "src\GitObjectDb\GitObjectDb.csproj", "{6FBA4636-5E95-4C72-8A71-FDAE0D4D913B}"
EndProject
Project("{2150E333-8FDC-42A3-9474-1A3956D46DE8}") = "tests", "tests", "{171298F1-AB00-4ECF-8797-58B451DF75E0}"
EndProject
Project("{9A19103F-16F7-4668-BE54-9A1E7A4F7556}") = "GitObjectDb.Tests", "tests\GitObjectDb.Tests\GitObjectDb.Tests.csproj", "{3C47ED23-B40C-4AAF-B0F2-0B6A5030E8CC}"
EndProject
Project("{9A19103F-16F7-4668-BE54-9A1E7A4F7556}") = "GitObjectDb.ModelCodeGeneration.Attributes", "src\GitObjectDb.ModelCodeGeneration.Attributes\GitObjectDb.ModelCodeGeneration.Attributes.csproj", "{7CD228A8-4CEF-48B1-8FF5-325A4D5B6DD6}"
EndProject
Project("{9A19103F-16F7-4668-BE54-9A1E7A4F7556}") = "GitObjectDb.ModelCodeGeneration", "src\GitObjectDb.ModelCodeGeneration\GitObjectDb.ModelCodeGeneration.csproj", "{DF61264E-2EE3-41B5-9C3D-DD1E598D9E7C}"
EndProject
Project("{9A19103F-16F7-4668-BE54-9A1E7A4F7556}") = "GitObjectDb.ModelCodeGeneration.Tests", "tests\GitObjectDb.ModelCodeGeneration.Tests\GitObjectDb.ModelCodeGeneration.Tests.csproj", "{F6202628-003B-4DF9-A8C0-4D73F64A6DCE}"
EndProject
Global
	GlobalSection(SolutionConfigurationPlatforms) = preSolution
		Debug|Any CPU = Debug|Any CPU
		Release|Any CPU = Release|Any CPU
	EndGlobalSection
	GlobalSection(ProjectConfigurationPlatforms) = postSolution
		{6FBA4636-5E95-4C72-8A71-FDAE0D4D913B}.Debug|Any CPU.ActiveCfg = Debug|Any CPU
		{6FBA4636-5E95-4C72-8A71-FDAE0D4D913B}.Debug|Any CPU.Build.0 = Debug|Any CPU
		{6FBA4636-5E95-4C72-8A71-FDAE0D4D913B}.Release|Any CPU.ActiveCfg = Release|Any CPU
		{6FBA4636-5E95-4C72-8A71-FDAE0D4D913B}.Release|Any CPU.Build.0 = Release|Any CPU
		{3C47ED23-B40C-4AAF-B0F2-0B6A5030E8CC}.Debug|Any CPU.ActiveCfg = Debug|Any CPU
		{3C47ED23-B40C-4AAF-B0F2-0B6A5030E8CC}.Debug|Any CPU.Build.0 = Debug|Any CPU
		{3C47ED23-B40C-4AAF-B0F2-0B6A5030E8CC}.Release|Any CPU.ActiveCfg = Release|Any CPU
		{3C47ED23-B40C-4AAF-B0F2-0B6A5030E8CC}.Release|Any CPU.Build.0 = Release|Any CPU
		{7CD228A8-4CEF-48B1-8FF5-325A4D5B6DD6}.Debug|Any CPU.ActiveCfg = Debug|Any CPU
		{7CD228A8-4CEF-48B1-8FF5-325A4D5B6DD6}.Debug|Any CPU.Build.0 = Debug|Any CPU
		{7CD228A8-4CEF-48B1-8FF5-325A4D5B6DD6}.Release|Any CPU.ActiveCfg = Release|Any CPU
		{7CD228A8-4CEF-48B1-8FF5-325A4D5B6DD6}.Release|Any CPU.Build.0 = Release|Any CPU
		{DF61264E-2EE3-41B5-9C3D-DD1E598D9E7C}.Debug|Any CPU.ActiveCfg = Debug|Any CPU
		{DF61264E-2EE3-41B5-9C3D-DD1E598D9E7C}.Debug|Any CPU.Build.0 = Debug|Any CPU
		{DF61264E-2EE3-41B5-9C3D-DD1E598D9E7C}.Release|Any CPU.ActiveCfg = Release|Any CPU
		{DF61264E-2EE3-41B5-9C3D-DD1E598D9E7C}.Release|Any CPU.Build.0 = Release|Any CPU
		{F6202628-003B-4DF9-A8C0-4D73F64A6DCE}.Debug|Any CPU.ActiveCfg = Debug|Any CPU
		{F6202628-003B-4DF9-A8C0-4D73F64A6DCE}.Debug|Any CPU.Build.0 = Debug|Any CPU
		{F6202628-003B-4DF9-A8C0-4D73F64A6DCE}.Release|Any CPU.ActiveCfg = Release|Any CPU
		{F6202628-003B-4DF9-A8C0-4D73F64A6DCE}.Release|Any CPU.Build.0 = Release|Any CPU
	EndGlobalSection
	GlobalSection(SolutionProperties) = preSolution
		HideSolutionNode = FALSE
	EndGlobalSection
	GlobalSection(NestedProjects) = preSolution
		{6FBA4636-5E95-4C72-8A71-FDAE0D4D913B} = {FE2F09D4-3FB4-48F8-A6F0-659ABE58D735}
		{3C47ED23-B40C-4AAF-B0F2-0B6A5030E8CC} = {171298F1-AB00-4ECF-8797-58B451DF75E0}
		{7CD228A8-4CEF-48B1-8FF5-325A4D5B6DD6} = {FE2F09D4-3FB4-48F8-A6F0-659ABE58D735}
		{DF61264E-2EE3-41B5-9C3D-DD1E598D9E7C} = {FE2F09D4-3FB4-48F8-A6F0-659ABE58D735}
		{F6202628-003B-4DF9-A8C0-4D73F64A6DCE} = {171298F1-AB00-4ECF-8797-58B451DF75E0}
	EndGlobalSection
	GlobalSection(ExtensibilityGlobals) = postSolution
		SolutionGuid = {BEBF5E9D-6842-4E8E-BA74-F33D16ECA5D9}
	EndGlobalSection
EndGlobal
